github.com/gozelle/atomic v1.10.10 h1:mUc+GODLuon/L2lR/Ckzta1AK1ugq/AK3UIZFusKGb0=
github.com/gozelle/atomic v1.10.10/go.mod h1:5rsc4dEjAakvLB68tnEc3pgV6C9RbC4pfUpv035T/t0=
github.com/gozelle/check v1.0.0/go.mod h1:t4gM11iaDT1dmzBqm2uBf9WZJ8XaCQ55gi5/BCRAI94=
github.com/gozelle/clock v1.3.0 h1:xfRJ4MbwWHqJxAXX7ZnVQI0Z3ilJzZo5cndOgHcE+ko=
github.com/gozelle/clock v1.3.0/go.mod h1:OWXqYiCfjbtbO0s++fUBgw946AtTJ9aqX9l5EELUG+Y=
github.com/gozelle/go-difflib v1.0.0 h1:BIQXTH387TRKUtDGMTaPmoFKKWZQMRR4mSxxcPLOjXQ=
github.com/gozelle/go-difflib v1.0.0/go.mod h1:PcDy306aUy3I8kB5ohutXpbhkgQlygtcBjf+pENv2gY=
github.com/gozelle/go-internal v1.9.0/go.mod h1:o484tiDnf0hnhpY4OpWLmI0eWURobX0OX3YP1CBEzbU=
github.com/gozelle/go-isatty v0.0.16 h1:Yv/bm0MIXIGp/c2OlUkJdMqE91UG6J9TvR+xxNbUg6k=
github.com/gozelle/go-isatty v0.0.16/go.mod h1:QQirE+ksTYC6+NgW4FNh64uxCB7IBrgQT3UPC48x0FU=
github.com/gozelle/go-spew v1.1.10 h1:kFDq5IDd/Wk3l7UutORhveCt5fUdW8b9afnDYtuHmEc=
github.com/gozelle/go-spew v1.1.10/go.mod h1:qwUFQBhiE5zwtTAfe/m87+73t2jRbNHwGOvs+FgYx+8=
github.com/gozelle/goleak v1.2.1 h1:e9B5tGt96ak+/85Nv0rj2DjoehP7FgqwlFvHlzIr5ts=
github.com/gozelle/goleak v1.2.1/go.mod h1:J9UTVOIxTEuEgi7/t6NPnw4rI7S+ojBtqEhFDLlsAGY=
github.com/gozelle/multierr v1.9.10 h1:EUU22u5Yx82/mQm55fH1WF6ztp0w4U+cZl9lCzuyUvE=
github.com/gozelle/multierr v1.9.10/go.mod h1:4tC7qdet8CoxU9Q/Ha2bn5obpheqU7bTB9AENXwWzaI=
github.com/gozelle/objx v0.5.10/go.mod h1:3muRr1Da1mCg3D+wYBicuZaHtGbvfLCgewfYJoz7cbs=
github.com/gozelle/pretty v0.3.1/go.mod h1:F2wDK3wv6aq2Bf70Xuu0ltUWRFZC01f0sb7OQLHtI3c=
github.com/gozelle/pty v1.1.18/go.mod h1:SfI1d649o2MwHyGTx3gtCqh2AuntxoqVvXU0C5uIWII=
github.com/gozelle/testify v1.8.10/go.mod h1:RuY+SaFmDaE0aj4hEhtNbaDjr6BMn4VklgheQ8dqbPw=
github.com/gozelle/testify v1.8.11 h1:HDi4d07tDlTLfAc1ie9yR/ZBr3r4HR9866GA5uHSwdA=
github.com/gozelle/testify v1.8.11/go.mod h1:vYSBvyNev2JwOWCafPzpqdL3xuxy79bECwKkP5a7Y1c=
github.com/gozelle/text v0.2.0/go.mod h1:SEbJmvp9HEs+yRjPJyNLQeRJ8dLwI3sx7cPyu/xt8fc=
github.com/gozelle/yaml v0.0.0-20221214152138-81b78a92d903 h1:Z5bL8fjqThaLRa3MdQoESurwiUh8KZksKRQvLWY+h/c=
github.com/gozelle/yaml v0.0.0-20221214152138-81b78a92d903/go.mod h1:0Pp3KXweJJtxd5jzd6y3qW2DpjEFAlYc7oRDtuhMFjg=
github.com/gozelle/zap v1.24.0 h1:UDH3SPadOSIf4PrAFVauvbzK8uwxS+HXAEQpxrtlhdA=
github.com/gozelle/zap v1.24.0/go.mod h1:ou7R5ioHa0+Mr3Hw98o5Sa1tMYU5DEcX2LeYtrAikg0=
github.com/pkg/diff v0.0.0-20210226163009-20ebb0f2a09e/go.mod h1:pJLUxLENpZxwdsKMEsNbx1VGcRFpLqf3715MtcvvzbA=
github.com/pkg/errors v0.8.1 h1:iURUrRGxPUNPdy5/HRSm+Yj6okJ6UtLINN0Q9M4+h3I=
github.com/pkg/errors v0.8.1/go.mod h1:bwawxfHBFNV+L2hUp1rHADufV3IMtnDRdf1r5NINEl0=
github.com/yuin/goldmark v1.3.5/go.mod h1:mwnBkeHKe2W/ZEtQ+71ViKU8L12m81fl3OWwC1Zlc8k=
golang.org/x/crypto v0.0.0-20190308221718-c2843e01d9a2/go.mod h1:djNgcEr1/C05ACkg1iLfiJU5Ep61QUkGW8qpdssI0+w=
golang.org/x/crypto v0.0.0-20191011191535-87dc89f01550/go.mod h1:yigFU9vqHzYiE8UmvKecakEJjdnWj3jj499lnFckfCI=
golang.org/x/lint v0.0.0-20190930215403-16217165b5de/go.mod h1:6SW0HCj/g11FgYtHlgUYUwCkIfeOF89ocIRzGO/8vkc=
golang.org/x/mod v0.4.2/go.mod h1:s0Qsj1ACt9ePp/hMypM3fl4fZqREWJwdYDEqhRiZZUA=
golang.org/x/net v0.0.0-20190311183353-d8887717615a/go.mod h1:t9HGtf8HONx5eT2rtn7q6eTqICYqUVnKs3thJo3Qplg=
golang.org/x/net v0.0.0-20190404232315-eb5bcb51f2a3/go.mod h1:t9HGtf8HONx5eT2rtn7q6eTqICYqUVnKs3thJo3Qplg=
golang.org/x/net v0.0.0-20190620200207-3b0461eec859/go.mod h1:z5CRVTTTmAJ677TzLLGU+0bjPO0LkuOLi4/5GtJWs/s=
golang.org/x/net v0.0.0-20210405180319-a5a99cb37ef4/go.mod h1:p54w0d4576C0XHj96bSt6lcn1PtDYWL6XObtHCRCNQM=
golang.org/x/sync v0.0.0-20190423024810-112230192c58/go.mod h1:RxMgew5VJxzue5/jJTE5uejpjVlOe/izrB70Jof72aM=
golang.org/x/sync v0.0.0-20210220032951-036812b2e83c/go.mod h1:RxMgew5VJxzue5/jJTE5uejpjVlOe/izrB70Jof72aM=
golang.org/x/sys v0.0.0-20190215142949-d0b11bdaac8a/go.mod h1:STP8DvDyc/dI5b8T5hshtkjS+E42TnysNCUPdjciGhY=
golang.org/x/sys v0.0.0-20190412213103-97732733099d/go.mod h1:h1NjWce9XRLGQEsW7wpKNCjG9DtNlClVuFLEZdDNbEs=
golang.org/x/sys v0.0.0-20201119102817-f84b799fce68/go.mod h1:h1NjWce9XRLGQEsW7wpKNCjG9DtNlClVuFLEZdDNbEs=
golang.org/x/sys v0.0.0-20210330210617-4fbd30eecc44/go.mod h1:h1NjWce9XRLGQEsW7wpKNCjG9DtNlClVuFLEZdDNbEs=
golang.org/x/sys v0.0.0-20210510120138-977fb7262007/go.mod h1:oPkhp1MJrh7nUepCBck5+mAzfO9JrbApNNgaTdGDITg=
golang.org/x/sys v0.0.0-20220811171246-fbc7d0a398ab h1:2QkjZIsXupsJbJIdSjjUOgWK3aEtzyuh2mPt3l/CkeU=
golang.org/x/sys v0.0.0-20220811171246-fbc7d0a398ab/go.mod h1:oPkhp1MJrh7nUepCBck5+mAzfO9JrbApNNgaTdGDITg=
golang.org/x/term v0.0.0-20201126162022-7de9c90e9dd1/go.mod h1:bj7SfCRtBDWHUb9snDiAeCFNEtKQo2Wmx5Cou7ajbmo=
golang.org/x/text v0.3.0/go.mod h1:NqM8EUOU14njkJ3fqMW+pc6Ldnwhi/IjpwHt7yyuwOQ=
golang.org/x/text v0.3.3/go.mod h1:5Zoc/QRtKVWzQhOtBMvqHzDpF6irO9z98xDceosuGiQ=
golang.org/x/tools v0.0.0-20180917221912-90fa682c2a6e/go.mod h1:n7NCudcB/nEzxVGmLbDWY5pfWTLqBcC2KZ6jyYvM4mQ=
golang.org/x/tools v0.0.0-20190311212946-11955173bddd/go.mod h1:LCzVGOaR6xXOjkQ3onu1FJEFr0SW1gC7cKk1uF8kGRs=
golang.org/x/tools v0.0.0-20191119224855-298f0cb1881e/go.mod h1:b+2E5dAYhXwXZwtnZ6UAqBI28+e2cm9otk0dWdXHAEo=
golang.org/x/tools v0.1.5/go.mod h1:o0xws9oXOQQZyjljx8fwUC0k7L1pTE6eaCbjGeHmOkk=
golang.org/x/xerrors v0.0.0-20190717185122-a985d3407aa7/go.mod h1:I/5z698sn9Ka8TeJc9MKroUUfqBBauWjQqLJ2OPfmY0=
golang.org/x/xerrors v0.0.0-20191011141410-1b5146add898/go.mod h1:I/5z698sn9Ka8TeJc9MKroUUfqBBauWjQqLJ2OPfmY0=
golang.org/x/xerrors v0.0.0-20200804184101-5ec99f83aff1/go.mod h1:I/5z698sn9Ka8TeJc9MKroUUfqBBauWjQqLJ2OPfmY0=
gopkg.in/check.v1 v0.0.0-20161208181325-20d25e280405/go.mod h1:Co6ibVJAznAaIkqp8huTwlJQCZ016jof/cbN4VW5Yz0=
gopkg.in/yaml.v3 v3.0.1/go.mod h1:K4uyk7z7BCEPqu6E+C64Yfv1cQ7kz7rIZviUmN+EgEM=
